
Microsoft Visual Studio Solution File, Format Version 10.00
# Visual Studio 2008
Project("{FAE04EC0-301F-11D3-BF4B-00C04F79EFBC}") = "Lab08", "Lab08\Lab08.csproj", "{A9077B81-D25B-479C-A234-91BFB5DAB54B}"
EndProject
Global
	GlobalSection(SolutionConfigurationPlatforms) = preSolution
		Debug|Any CPU = Debug|Any CPU
		Release|Any CPU = Release|Any CPU
	EndGlobalSection
	GlobalSection(ProjectConfigurationPlatforms) = postSolution
		{A9077B81-D25B-479C-A234-91BFB5DAB54B}.Debug|Any CPU.ActiveCfg = Debug|Any CPU
		{A9077B81-D25B-479C-A234-91BFB5DAB54B}.Debug|Any CPU.Build.0 = Debug|Any CPU
		{A9077B81-D25B-479C-A234-91BFB5DAB54B}.Release|Any CPU.ActiveCfg = Release|Any CPU
		{A9077B81-D25B-479C-A234-91BFB5DAB54B}.Release|Any CPU.Build.0 = Release|Any CPU
	EndGlobalSection
	GlobalSection(SolutionProperties) = preSolution
		HideSolutionNode = FALSE
	EndGlobalSection
EndGlobal
